
Microsoft Visual Studio Solution File, Format Version 12.00
# Visual Studio Version 16
VisualStudioVersion = 16.0.30011.22
MinimumVisualStudioVersion = 10.0.40219.1
Project("{FAE04EC0-301F-11D3-BF4B-00C04F79EFBC}") = "Interface", "Interface\Interface.csproj", "{D27A8F6C-211A-4CAF-82D9-33BD4595B8F2}"
EndProject
Global
	GlobalSection(SolutionConfigurationPlatforms) = preSolution
		Debug|Any CPU = Debug|Any CPU
		Release|Any CPU = Release|Any CPU
	EndGlobalSection
	GlobalSection(ProjectConfigurationPlatforms) = postSolution
		{D27A8F6C-211A-4CAF-82D9-33BD4595B8F2}.Debug|Any CPU.ActiveCfg = Debug|Any CPU
		{D27A8F6C-211A-4CAF-82D9-33BD4595B8F2}.Debug|Any CPU.Build.0 = Debug|Any CPU
		{D27A8F6C-211A-4CAF-82D9-33BD4595B8F2}.Release|Any CPU.ActiveCfg = Release|Any CPU
		{D27A8F6C-211A-4CAF-82D9-33BD4595B8F2}.Release|Any CPU.Build.0 = Release|Any CPU
	EndGlobalSection
	GlobalSection(SolutionProperties) = preSolution
		HideSolutionNode = FALSE
	EndGlobalSection
	GlobalSection(ExtensibilityGlobals) = postSolution
		SolutionGuid = {D809D760-7148-4046-8E5F-D040CB11CF75}
	EndGlobalSection
EndGlobal
